
Microsoft Visual Studio Solution File, Format Version 12.00
# Visual Studio Version 16
VisualStudioVersion = 16.0.29411.108
MinimumVisualStudioVersion = 10.0.40219.1
Project("{9A19103F-16F7-4668-BE54-9A1E7A4F7556}") = "MyConsole", "MyConsole.csproj", "{76DDCBA1-EDD3-4B3C-B034-6B9970F795B8}"
EndProject
Global
	GlobalSection(SolutionConfigurationPlatforms) = preSolution
		Debug|Any CPU = Debug|Any CPU
		Release|Any CPU = Release|Any CPU
	EndGlobalSection
	GlobalSection(ProjectConfigurationPlatforms) = postSolution
		{76DDCBA1-EDD3-4B3C-B034-6B9970F795B8}.Debug|Any CPU.ActiveCfg = Debug|Any CPU
		{76DDCBA1-EDD3-4B3C-B034-6B9970F795B8}.Debug|Any CPU.Build.0 = Debug|Any CPU
		{76DDCBA1-EDD3-4B3C-B034-6B9970F795B8}.Release|Any CPU.ActiveCfg = Release|Any CPU
		{76DDCBA1-EDD3-4B3C-B034-6B9970F795B8}.Release|Any CPU.Build.0 = Release|Any CPU
	EndGlobalSection
	GlobalSection(SolutionProperties) = preSolution
		HideSolutionNode = FALSE
	EndGlobalSection
	GlobalSection(ExtensibilityGlobals) = postSolution
		SolutionGuid = {2623382A-B8C9-4F69-8A32-61C39EB0016F}
	EndGlobalSection
EndGlobal
