
Microsoft Visual Studio Solution File, Format Version 12.00
# Visual Studio Version 16
VisualStudioVersion = 16.0.29411.108
MinimumVisualStudioVersion = 10.0.40219.1
Project("{9A19103F-16F7-4668-BE54-9A1E7A4F7556}") = "WelcomeDotnet", "WelcomeDotnet.csproj", "{83BFE46A-5969-42A8-B31C-C043D0176D63}"
EndProject
Global
	GlobalSection(SolutionConfigurationPlatforms) = preSolution
		Debug|Any CPU = Debug|Any CPU
		Release|Any CPU = Release|Any CPU
	EndGlobalSection
	GlobalSection(ProjectConfigurationPlatforms) = postSolution
		{83BFE46A-5969-42A8-B31C-C043D0176D63}.Debug|Any CPU.ActiveCfg = Debug|Any CPU
		{83BFE46A-5969-42A8-B31C-C043D0176D63}.Debug|Any CPU.Build.0 = Debug|Any CPU
		{83BFE46A-5969-42A8-B31C-C043D0176D63}.Release|Any CPU.ActiveCfg = Release|Any CPU
		{83BFE46A-5969-42A8-B31C-C043D0176D63}.Release|Any CPU.Build.0 = Release|Any CPU
	EndGlobalSection
	GlobalSection(SolutionProperties) = preSolution
		HideSolutionNode = FALSE
	EndGlobalSection
	GlobalSection(ExtensibilityGlobals) = postSolution
		SolutionGuid = {EEB1E379-53C0-4240-8658-E937CC380A14}
	EndGlobalSection
EndGlobal
