
Microsoft Visual Studio Solution File, Format Version 12.00
# Visual Studio Version 16
VisualStudioVersion = 16.0.29411.108
MinimumVisualStudioVersion = 10.0.40219.1
Project("{9A19103F-16F7-4668-BE54-9A1E7A4F7556}") = "CheckingForOverflow", "CheckingForOverflow.csproj", "{8166C2E7-0094-42BE-B253-A21EDC2F92E5}"
EndProject
Global
	GlobalSection(SolutionConfigurationPlatforms) = preSolution
		Debug|Any CPU = Debug|Any CPU
		Release|Any CPU = Release|Any CPU
	EndGlobalSection
	GlobalSection(ProjectConfigurationPlatforms) = postSolution
		{8166C2E7-0094-42BE-B253-A21EDC2F92E5}.Debug|Any CPU.ActiveCfg = Debug|Any CPU
		{8166C2E7-0094-42BE-B253-A21EDC2F92E5}.Debug|Any CPU.Build.0 = Debug|Any CPU
		{8166C2E7-0094-42BE-B253-A21EDC2F92E5}.Release|Any CPU.ActiveCfg = Release|Any CPU
		{8166C2E7-0094-42BE-B253-A21EDC2F92E5}.Release|Any CPU.Build.0 = Release|Any CPU
	EndGlobalSection
	GlobalSection(SolutionProperties) = preSolution
		HideSolutionNode = FALSE
	EndGlobalSection
	GlobalSection(ExtensibilityGlobals) = postSolution
		SolutionGuid = {2B02047C-FA1A-4C5E-B6EF-BA39827BB3BB}
	EndGlobalSection
EndGlobal
