
Microsoft Visual Studio Solution File, Format Version 12.00
# Visual Studio Version 16
VisualStudioVersion = 16.0.29411.108
MinimumVisualStudioVersion = 10.0.40219.1
Project("{9A19103F-16F7-4668-BE54-9A1E7A4F7556}") = "Arguments", "Arguments.csproj", "{42094DC0-A4FB-4862-B993-6FF110F135AB}"
EndProject
Global
	GlobalSection(SolutionConfigurationPlatforms) = preSolution
		Debug|Any CPU = Debug|Any CPU
		Release|Any CPU = Release|Any CPU
	EndGlobalSection
	GlobalSection(ProjectConfigurationPlatforms) = postSolution
		{42094DC0-A4FB-4862-B993-6FF110F135AB}.Debug|Any CPU.ActiveCfg = Debug|Any CPU
		{42094DC0-A4FB-4862-B993-6FF110F135AB}.Debug|Any CPU.Build.0 = Debug|Any CPU
		{42094DC0-A4FB-4862-B993-6FF110F135AB}.Release|Any CPU.ActiveCfg = Release|Any CPU
		{42094DC0-A4FB-4862-B993-6FF110F135AB}.Release|Any CPU.Build.0 = Release|Any CPU
	EndGlobalSection
	GlobalSection(SolutionProperties) = preSolution
		HideSolutionNode = FALSE
	EndGlobalSection
	GlobalSection(ExtensibilityGlobals) = postSolution
		SolutionGuid = {0DA9E356-C94A-4F05-8180-DA64559E7093}
	EndGlobalSection
EndGlobal
